[{<<"control">>,
  {git,"https://github.com/joq62/control.git",
       {ref,"75dc20a32fda474a26c69ee5618ee7a4db3e5726"}},
  0},
 {<<"etcd">>,
  {git,"https://github.com/joq62/etcd.git",
       {ref,"0059b8e81602366220513b760dfd4040b078c26f"}},
  0},
 {<<"log">>,
  {git,"https://github.com/joq62/log.git",
       {ref,"0f5e1fadcc73d16eca81ca4ea26aca4c7a09e80e"}},
  0},
 {<<"resource_discovery">>,
  {git,"https://github.com/joq62/resource_discovery.git",
       {ref,"4b7fbdafe351e7723b2b7fe6f12c165e59d05fa6"}},
  0}].
