[{<<"control">>,
  {git,"https://github.com/joq62/control.git",
       {ref,"4dfb378bcf1fcbc141437c4dfad23dafaf4ede4e"}},
  0},
 {<<"etcd">>,
  {git,"https://github.com/joq62/etcd.git",
       {ref,"884f1b3d6a8e1c4eb7584b6f616e4ad736a616b9"}},
  0},
 {<<"log">>,
  {git,"https://github.com/joq62/log.git",
       {ref,"e29682bdcc8b5947ffd889114c0f480cbbde34c2"}},
  0},
 {<<"resource_discovery">>,
  {git,"https://github.com/joq62/resource_discovery.git",
       {ref,"1915d797d8e8b0b8fc9cb0be1ecb94a2afdcf5ee"}},
  0}].
